
Microsoft Visual Studio Solution File, Format Version 12.00
# Visual Studio Version 16
VisualStudioVersion = 16.0.29326.143
MinimumVisualStudioVersion = 10.0.40219.1
Project("{FAE04EC0-301F-11D3-BF4B-00C04F79EFBC}") = "Schedule Maker", "Schedule Maker\Schedule Maker.csproj", "{957B28C5-45FF-4BB1-8FB4-BF1AF2D3B9E6}"
EndProject
Global
	GlobalSection(SolutionConfigurationPlatforms) = preSolution
		Debug|Any CPU = Debug|Any CPU
		Release|Any CPU = Release|Any CPU
	EndGlobalSection
	GlobalSection(ProjectConfigurationPlatforms) = postSolution
		{957B28C5-45FF-4BB1-8FB4-BF1AF2D3B9E6}.Debug|Any CPU.ActiveCfg = Debug|Any CPU
		{957B28C5-45FF-4BB1-8FB4-BF1AF2D3B9E6}.Debug|Any CPU.Build.0 = Debug|Any CPU
		{957B28C5-45FF-4BB1-8FB4-BF1AF2D3B9E6}.Release|Any CPU.ActiveCfg = Release|Any CPU
		{957B28C5-45FF-4BB1-8FB4-BF1AF2D3B9E6}.Release|Any CPU.Build.0 = Release|Any CPU
	EndGlobalSection
	GlobalSection(SolutionProperties) = preSolution
		HideSolutionNode = FALSE
	EndGlobalSection
	GlobalSection(ExtensibilityGlobals) = postSolution
		SolutionGuid = {BE47D462-C2FE-4050-9EA1-1C1F2E7FD3A8}
	EndGlobalSection
EndGlobal
